// !$*UTF8*$!
{
	archiveVersion = 1;
	classes = {
	};
	objectVersion = 56;
	objects = {

/* Begin PBXBuildFile section */
		182C6A1E2BDC034900D7041F /* Rest.swift in Sources */ = {isa = PBXBuildFile; fileRef = 182C6A1D2BDC034900D7041F /* Rest.swift */; };
		182C6A202BDC05B100D7041F /* EndPointConstant.swift in Sources */ = {isa = PBXBuildFile; fileRef = 182C6A1F2BDC05B100D7041F /* EndPointConstant.swift */; };
		182C6A222BDC062300D7041F /* PokemonResponse.swift in Sources */ = {isa = PBXBuildFile; fileRef = 182C6A212BDC062300D7041F /* PokemonResponse.swift */; };
		182C6A242BDC08FB00D7041F /* ResponseError.swift in Sources */ = {isa = PBXBuildFile; fileRef = 182C6A232BDC08FB00D7041F /* ResponseError.swift */; };
		189B943B2BDE14A600E835AC /* TypeCell.xib in Resources */ = {isa = PBXBuildFile; fileRef = 189B943A2BDE14A600E835AC /* TypeCell.xib */; };
		189B943D2BDE164400E835AC /* TypeCell.swift in Sources */ = {isa = PBXBuildFile; fileRef = 189B943C2BDE164400E835AC /* TypeCell.swift */; };
		189B94402BDE16AC00E835AC /* PokemonType.swift in Sources */ = {isa = PBXBuildFile; fileRef = 189B943F2BDE16AC00E835AC /* PokemonType.swift */; };
		18A362C52BDD3AFE00A9A9F8 /* BaseViewController.swift in Sources */ = {isa = PBXBuildFile; fileRef = 18A362C42BDD3AFE00A9A9F8 /* BaseViewController.swift */; };
		18A362C92BDD3B7B00A9A9F8 /* PokeballLoading.swift in Sources */ = {isa = PBXBuildFile; fileRef = 18A362C82BDD3B7B00A9A9F8 /* PokeballLoading.swift */; };
		18A362CC2BDD3C5300A9A9F8 /* PokeballLoading.xib in Resources */ = {isa = PBXBuildFile; fileRef = 18A362CB2BDD3C5300A9A9F8 /* PokeballLoading.xib */; };
		18A362CF2BDD3DEC00A9A9F8 /* pokeballLoading.json in Resources */ = {isa = PBXBuildFile; fileRef = 18A362CE2BDD3DEC00A9A9F8 /* pokeballLoading.json */; };
		18A362D12BDD45C400A9A9F8 /* PokemonDetailResponse.swift in Sources */ = {isa = PBXBuildFile; fileRef = 18A362D02BDD45C400A9A9F8 /* PokemonDetailResponse.swift */; };
		18FA21972BDA566B009DD86F /* AppDelegate.swift in Sources */ = {isa = PBXBuildFile; fileRef = 18FA21962BDA566B009DD86F /* AppDelegate.swift */; };
		18FA21992BDA566B009DD86F /* SceneDelegate.swift in Sources */ = {isa = PBXBuildFile; fileRef = 18FA21982BDA566B009DD86F /* SceneDelegate.swift */; };
		18FA219B2BDA566B009DD86F /* HomeViewController.swift in Sources */ = {isa = PBXBuildFile; fileRef = 18FA219A2BDA566B009DD86F /* HomeViewController.swift */; };
		18FA219E2BDA566B009DD86F /* HomeViewController.storyboard in Resources */ = {isa = PBXBuildFile; fileRef = 18FA219C2BDA566B009DD86F /* HomeViewController.storyboard */; };
		18FA21A02BDA5673009DD86F /* Assets.xcassets in Resources */ = {isa = PBXBuildFile; fileRef = 18FA219F2BDA5673009DD86F /* Assets.xcassets */; };
		18FA21A32BDA5673009DD86F /* LaunchScreen.storyboard in Resources */ = {isa = PBXBuildFile; fileRef = 18FA21A12BDA5673009DD86F /* LaunchScreen.storyboard */; };
		18FA21AE2BDA5673009DD86F /* pokemon_wikiTests.swift in Sources */ = {isa = PBXBuildFile; fileRef = 18FA21AD2BDA5673009DD86F /* pokemon_wikiTests.swift */; };
		18FA21B82BDA5673009DD86F /* pokemon_wikiUITests.swift in Sources */ = {isa = PBXBuildFile; fileRef = 18FA21B72BDA5673009DD86F /* pokemon_wikiUITests.swift */; };
		18FA21BA2BDA5673009DD86F /* pokemon_wikiUITestsLaunchTests.swift in Sources */ = {isa = PBXBuildFile; fileRef = 18FA21B92BDA5673009DD86F /* pokemon_wikiUITestsLaunchTests.swift */; };
		18FA21CA2BDA595C009DD86F /* HomeInteractor.swift in Sources */ = {isa = PBXBuildFile; fileRef = 18FA21C92BDA595C009DD86F /* HomeInteractor.swift */; };
		18FA21CC2BDA5964009DD86F /* HomePresenter.swift in Sources */ = {isa = PBXBuildFile; fileRef = 18FA21CB2BDA5964009DD86F /* HomePresenter.swift */; };
		18FA21CE2BDA596F009DD86F /* HomeModel.swift in Sources */ = {isa = PBXBuildFile; fileRef = 18FA21CD2BDA596F009DD86F /* HomeModel.swift */; };
		18FA21D02BDA5978009DD86F /* HomeRouter.swift in Sources */ = {isa = PBXBuildFile; fileRef = 18FA21CF2BDA5978009DD86F /* HomeRouter.swift */; };
		18FA21D22BDA5981009DD86F /* HomeWorker.swift in Sources */ = {isa = PBXBuildFile; fileRef = 18FA21D12BDA5981009DD86F /* HomeWorker.swift */; };
		18FA21D72BDA68BD009DD86F /* PokemonCell.xib in Resources */ = {isa = PBXBuildFile; fileRef = 18FA21D62BDA68BD009DD86F /* PokemonCell.xib */; };
		18FA21D92BDA6A95009DD86F /* PokemonCell.swift in Sources */ = {isa = PBXBuildFile; fileRef = 18FA21D82BDA6A95009DD86F /* PokemonCell.swift */; };
		6AE94E88A663B99BE5072C9B /* Pods_pokemon_wiki.framework in Frameworks */ = {isa = PBXBuildFile; fileRef = 9606915D3D2F4E331AAEDB15 /* Pods_pokemon_wiki.framework */; };
		C105171EE64C5A0C850BEE7B /* Pods_pokemon_wikiTests.framework in Frameworks */ = {isa = PBXBuildFile; fileRef = 2EB0DA46ECB6BE45C73865BD /* Pods_pokemon_wikiTests.framework */; };
		C7F5B37B5874CFBC67930C73 /* Pods_pokemon_wiki_pokemon_wikiUITests.framework in Frameworks */ = {isa = PBXBuildFile; fileRef = 9B85DD77F62964F7E8BC6CE3 /* Pods_pokemon_wiki_pokemon_wikiUITests.framework */; };
/* End PBXBuildFile section */

/* Begin PBXContainerItemProxy section */
		18FA21AA2BDA5673009DD86F /* PBXContainerItemProxy */ = {
			isa = PBXContainerItemProxy;
			containerPortal = 18FA218B2BDA566B009DD86F /* Project object */;
			proxyType = 1;
			remoteGlobalIDString = 18FA21922BDA566B009DD86F;
			remoteInfo = "pokemon-wiki";
		};
		18FA21B42BDA5673009DD86F /* PBXContainerItemProxy */ = {
			isa = PBXContainerItemProxy;
			containerPortal = 18FA218B2BDA566B009DD86F /* Project object */;
			proxyType = 1;
			remoteGlobalIDString = 18FA21922BDA566B009DD86F;
			remoteInfo = "pokemon-wiki";
		};
/* End PBXContainerItemProxy section */

/* Begin PBXFileReference section */
		182C6A1D2BDC034900D7041F /* Rest.swift */ = {isa = PBXFileReference; lastKnownFileType = sourcecode.swift; path = Rest.swift; sourceTree = "<group>"; };
		182C6A1F2BDC05B100D7041F /* EndPointConstant.swift */ = {isa = PBXFileReference; lastKnownFileType = sourcecode.swift; path = EndPointConstant.swift; sourceTree = "<group>"; };
		182C6A212BDC062300D7041F /* PokemonResponse.swift */ = {isa = PBXFileReference; lastKnownFileType = sourcecode.swift; path = PokemonResponse.swift; sourceTree = "<group>"; };
		182C6A232BDC08FB00D7041F /* ResponseError.swift */ = {isa = PBXFileReference; lastKnownFileType = sourcecode.swift; path = ResponseError.swift; sourceTree = "<group>"; };
		189B943A2BDE14A600E835AC /* TypeCell.xib */ = {isa = PBXFileReference; lastKnownFileType = file.xib; path = TypeCell.xib; sourceTree = "<group>"; };
		189B943C2BDE164400E835AC /* TypeCell.swift */ = {isa = PBXFileReference; lastKnownFileType = sourcecode.swift; path = TypeCell.swift; sourceTree = "<group>"; };
		189B943F2BDE16AC00E835AC /* PokemonType.swift */ = {isa = PBXFileReference; lastKnownFileType = sourcecode.swift; path = PokemonType.swift; sourceTree = "<group>"; };
		18A362C42BDD3AFE00A9A9F8 /* BaseViewController.swift */ = {isa = PBXFileReference; lastKnownFileType = sourcecode.swift; path = BaseViewController.swift; sourceTree = "<group>"; };
		18A362C82BDD3B7B00A9A9F8 /* PokeballLoading.swift */ = {isa = PBXFileReference; lastKnownFileType = sourcecode.swift; path = PokeballLoading.swift; sourceTree = "<group>"; };
		18A362CB2BDD3C5300A9A9F8 /* PokeballLoading.xib */ = {isa = PBXFileReference; lastKnownFileType = file.xib; path = PokeballLoading.xib; sourceTree = "<group>"; };
		18A362CE2BDD3DEC00A9A9F8 /* pokeballLoading.json */ = {isa = PBXFileReference; fileEncoding = 4; lastKnownFileType = text.json; name = pokeballLoading.json; path = ../../../Downloads/pokeballLoading.json; sourceTree = "<group>"; };
		18A362D02BDD45C400A9A9F8 /* PokemonDetailResponse.swift */ = {isa = PBXFileReference; lastKnownFileType = sourcecode.swift; path = PokemonDetailResponse.swift; sourceTree = "<group>"; };
		18FA21932BDA566B009DD86F /* pokemon-wiki.app */ = {isa = PBXFileReference; explicitFileType = wrapper.application; includeInIndex = 0; path = "pokemon-wiki.app"; sourceTree = BUILT_PRODUCTS_DIR; };
		18FA21962BDA566B009DD86F /* AppDelegate.swift */ = {isa = PBXFileReference; lastKnownFileType = sourcecode.swift; path = AppDelegate.swift; sourceTree = "<group>"; };
		18FA21982BDA566B009DD86F /* SceneDelegate.swift */ = {isa = PBXFileReference; lastKnownFileType = sourcecode.swift; path = SceneDelegate.swift; sourceTree = "<group>"; };
		18FA219A2BDA566B009DD86F /* HomeViewController.swift */ = {isa = PBXFileReference; lastKnownFileType = sourcecode.swift; path = HomeViewController.swift; sourceTree = "<group>"; };
		18FA219D2BDA566B009DD86F /* Base */ = {isa = PBXFileReference; lastKnownFileType = file.storyboard; name = Base; path = Base.lproj/HomeViewController.storyboard; sourceTree = "<group>"; };
		18FA219F2BDA5673009DD86F /* Assets.xcassets */ = {isa = PBXFileReference; lastKnownFileType = folder.assetcatalog; path = Assets.xcassets; sourceTree = "<group>"; };
		18FA21A22BDA5673009DD86F /* Base */ = {isa = PBXFileReference; lastKnownFileType = file.storyboard; name = Base; path = Base.lproj/LaunchScreen.storyboard; sourceTree = "<group>"; };
		18FA21A42BDA5673009DD86F /* Info.plist */ = {isa = PBXFileReference; lastKnownFileType = text.plist.xml; path = Info.plist; sourceTree = "<group>"; };
		18FA21A92BDA5673009DD86F /* pokemon-wikiTests.xctest */ = {isa = PBXFileReference; explicitFileType = wrapper.cfbundle; includeInIndex = 0; path = "pokemon-wikiTests.xctest"; sourceTree = BUILT_PRODUCTS_DIR; };
		18FA21AD2BDA5673009DD86F /* pokemon_wikiTests.swift */ = {isa = PBXFileReference; lastKnownFileType = sourcecode.swift; path = pokemon_wikiTests.swift; sourceTree = "<group>"; };
		18FA21B32BDA5673009DD86F /* pokemon-wikiUITests.xctest */ = {isa = PBXFileReference; explicitFileType = wrapper.cfbundle; includeInIndex = 0; path = "pokemon-wikiUITests.xctest"; sourceTree = BUILT_PRODUCTS_DIR; };
		18FA21B72BDA5673009DD86F /* pokemon_wikiUITests.swift */ = {isa = PBXFileReference; lastKnownFileType = sourcecode.swift; path = pokemon_wikiUITests.swift; sourceTree = "<group>"; };
		18FA21B92BDA5673009DD86F /* pokemon_wikiUITestsLaunchTests.swift */ = {isa = PBXFileReference; lastKnownFileType = sourcecode.swift; path = pokemon_wikiUITestsLaunchTests.swift; sourceTree = "<group>"; };
		18FA21C92BDA595C009DD86F /* HomeInteractor.swift */ = {isa = PBXFileReference; lastKnownFileType = sourcecode.swift; path = HomeInteractor.swift; sourceTree = "<group>"; };
		18FA21CB2BDA5964009DD86F /* HomePresenter.swift */ = {isa = PBXFileReference; lastKnownFileType = sourcecode.swift; path = HomePresenter.swift; sourceTree = "<group>"; };
		18FA21CD2BDA596F009DD86F /* HomeModel.swift */ = {isa = PBXFileReference; lastKnownFileType = sourcecode.swift; path = HomeModel.swift; sourceTree = "<group>"; };
		18FA21CF2BDA5978009DD86F /* HomeRouter.swift */ = {isa = PBXFileReference; lastKnownFileType = sourcecode.swift; path = HomeRouter.swift; sourceTree = "<group>"; };
		18FA21D12BDA5981009DD86F /* HomeWorker.swift */ = {isa = PBXFileReference; lastKnownFileType = sourcecode.swift; path = HomeWorker.swift; sourceTree = "<group>"; };
		18FA21D62BDA68BD009DD86F /* PokemonCell.xib */ = {isa = PBXFileReference; lastKnownFileType = file.xib; path = PokemonCell.xib; sourceTree = "<group>"; };
		18FA21D82BDA6A95009DD86F /* PokemonCell.swift */ = {isa = PBXFileReference; lastKnownFileType = sourcecode.swift; path = PokemonCell.swift; sourceTree = "<group>"; };
		2EB0DA46ECB6BE45C73865BD /* Pods_pokemon_wikiTests.framework */ = {isa = PBXFileReference; explicitFileType = wrapper.framework; includeInIndex = 0; path = Pods_pokemon_wikiTests.framework; sourceTree = BUILT_PRODUCTS_DIR; };
		4E5D997A774C06A1B35E1D05 /* Pods-pokemon-wikiTests.debug.xcconfig */ = {isa = PBXFileReference; includeInIndex = 1; lastKnownFileType = text.xcconfig; name = "Pods-pokemon-wikiTests.debug.xcconfig"; path = "Target Support Files/Pods-pokemon-wikiTests/Pods-pokemon-wikiTests.debug.xcconfig"; sourceTree = "<group>"; };
		708683303CCA615E84DFFCCE /* Pods-pokemon-wiki-pokemon-wikiUITests.debug.xcconfig */ = {isa = PBXFileReference; includeInIndex = 1; lastKnownFileType = text.xcconfig; name = "Pods-pokemon-wiki-pokemon-wikiUITests.debug.xcconfig"; path = "Target Support Files/Pods-pokemon-wiki-pokemon-wikiUITests/Pods-pokemon-wiki-pokemon-wikiUITests.debug.xcconfig"; sourceTree = "<group>"; };
		9606915D3D2F4E331AAEDB15 /* Pods_pokemon_wiki.framework */ = {isa = PBXFileReference; explicitFileType = wrapper.framework; includeInIndex = 0; path = Pods_pokemon_wiki.framework; sourceTree = BUILT_PRODUCTS_DIR; };
		9675E60DB44F0B8F3AC11BEE /* Pods-pokemon-wiki.debug.xcconfig */ = {isa = PBXFileReference; includeInIndex = 1; lastKnownFileType = text.xcconfig; name = "Pods-pokemon-wiki.debug.xcconfig"; path = "Target Support Files/Pods-pokemon-wiki/Pods-pokemon-wiki.debug.xcconfig"; sourceTree = "<group>"; };
		9B85DD77F62964F7E8BC6CE3 /* Pods_pokemon_wiki_pokemon_wikiUITests.framework */ = {isa = PBXFileReference; explicitFileType = wrapper.framework; includeInIndex = 0; path = Pods_pokemon_wiki_pokemon_wikiUITests.framework; sourceTree = BUILT_PRODUCTS_DIR; };
		9E703D27FEA373380FADA971 /* Pods-pokemon-wiki-pokemon-wikiUITests.release.xcconfig */ = {isa = PBXFileReference; includeInIndex = 1; lastKnownFileType = text.xcconfig; name = "Pods-pokemon-wiki-pokemon-wikiUITests.release.xcconfig"; path = "Target Support Files/Pods-pokemon-wiki-pokemon-wikiUITests/Pods-pokemon-wiki-pokemon-wikiUITests.release.xcconfig"; sourceTree = "<group>"; };
		B7D8C4A825A64476794CF04F /* Pods-pokemon-wikiTests.release.xcconfig */ = {isa = PBXFileReference; includeInIndex = 1; lastKnownFileType = text.xcconfig; name = "Pods-pokemon-wikiTests.release.xcconfig"; path = "Target Support Files/Pods-pokemon-wikiTests/Pods-pokemon-wikiTests.release.xcconfig"; sourceTree = "<group>"; };
		EF39C98E2F176F1BEF4B6C8F /* Pods-pokemon-wiki.release.xcconfig */ = {isa = PBXFileReference; includeInIndex = 1; lastKnownFileType = text.xcconfig; name = "Pods-pokemon-wiki.release.xcconfig"; path = "Target Support Files/Pods-pokemon-wiki/Pods-pokemon-wiki.release.xcconfig"; sourceTree = "<group>"; };
/* End PBXFileReference section */

/* Begin PBXFrameworksBuildPhase section */
		18FA21902BDA566B009DD86F /* Frameworks */ = {
			isa = PBXFrameworksBuildPhase;
			buildActionMask = 2147483647;
			files = (
				6AE94E88A663B99BE5072C9B /* Pods_pokemon_wiki.framework in Frameworks */,
			);
			runOnlyForDeploymentPostprocessing = 0;
		};
		18FA21A62BDA5673009DD86F /* Frameworks */ = {
			isa = PBXFrameworksBuildPhase;
			buildActionMask = 2147483647;
			files = (
				C105171EE64C5A0C850BEE7B /* Pods_pokemon_wikiTests.framework in Frameworks */,
			);
			runOnlyForDeploymentPostprocessing = 0;
		};
		18FA21B02BDA5673009DD86F /* Frameworks */ = {
			isa = PBXFrameworksBuildPhase;
			buildActionMask = 2147483647;
			files = (
				C7F5B37B5874CFBC67930C73 /* Pods_pokemon_wiki_pokemon_wikiUITests.framework in Frameworks */,
			);
			runOnlyForDeploymentPostprocessing = 0;
		};
/* End PBXFrameworksBuildPhase section */

/* Begin PBXGroup section */
		189B94382BDE13D200E835AC /* Detail */ = {
			isa = PBXGroup;
			children = (
			);
			path = Detail;
			sourceTree = "<group>";
		};
		189B94392BDE149300E835AC /* Type */ = {
			isa = PBXGroup;
			children = (
				189B943A2BDE14A600E835AC /* TypeCell.xib */,
				189B943C2BDE164400E835AC /* TypeCell.swift */,
			);
			path = Type;
			sourceTree = "<group>";
		};
		189B943E2BDE169F00E835AC /* Constant */ = {
			isa = PBXGroup;
			children = (
				189B943F2BDE16AC00E835AC /* PokemonType.swift */,
			);
			path = Constant;
			sourceTree = "<group>";
		};
		18A362C62BDD3B3900A9A9F8 /* Network */ = {
			isa = PBXGroup;
			children = (
				182C6A1D2BDC034900D7041F /* Rest.swift */,
				182C6A1F2BDC05B100D7041F /* EndPointConstant.swift */,
				182C6A232BDC08FB00D7041F /* ResponseError.swift */,
			);
			path = Network;
			sourceTree = "<group>";
		};
		18A362C72BDD3B4900A9A9F8 /* Component */ = {
			isa = PBXGroup;
			children = (
				18FA21D52BDA68A9009DD86F /* Pokemon */,
				189B94392BDE149300E835AC /* Type */,
				18A362CA2BDD3C3500A9A9F8 /* Loading */,
				18A362C42BDD3AFE00A9A9F8 /* BaseViewController.swift */,
			);
			path = Component;
			sourceTree = "<group>";
		};
		18A362CA2BDD3C3500A9A9F8 /* Loading */ = {
			isa = PBXGroup;
			children = (
				18A362C82BDD3B7B00A9A9F8 /* PokeballLoading.swift */,
				18A362CB2BDD3C5300A9A9F8 /* PokeballLoading.xib */,
			);
			path = Loading;
			sourceTree = "<group>";
		};
		18A362CD2BDD3DCF00A9A9F8 /* Resource */ = {
			isa = PBXGroup;
			children = (
				18A362CE2BDD3DEC00A9A9F8 /* pokeballLoading.json */,
			);
			path = Resource;
			sourceTree = "<group>";
		};
		18FA218A2BDA566B009DD86F = {
			isa = PBXGroup;
			children = (
				18FA21952BDA566B009DD86F /* pokemon-wiki */,
				18FA21AC2BDA5673009DD86F /* pokemon-wikiTests */,
				18FA21B62BDA5673009DD86F /* pokemon-wikiUITests */,
				18FA21942BDA566B009DD86F /* Products */,
				46F1C2AA30D451FC5E2339E9 /* Pods */,
				CD54E8939A7CF5896C588B66 /* Frameworks */,
			);
			sourceTree = "<group>";
		};
		18FA21942BDA566B009DD86F /* Products */ = {
			isa = PBXGroup;
			children = (
				18FA21932BDA566B009DD86F /* pokemon-wiki.app */,
				18FA21A92BDA5673009DD86F /* pokemon-wikiTests.xctest */,
				18FA21B32BDA5673009DD86F /* pokemon-wikiUITests.xctest */,
			);
			name = Products;
			sourceTree = "<group>";
		};
		18FA21952BDA566B009DD86F /* pokemon-wiki */ = {
			isa = PBXGroup;
			children = (
				18A362CD2BDD3DCF00A9A9F8 /* Resource */,
				18FA21DA2BDA6E47009DD86F /* Model */,
				18FA21C72BDA5880009DD86F /* Common */,
				18FA21C62BDA5875009DD86F /* Scene */,
				18FA21962BDA566B009DD86F /* AppDelegate.swift */,
				18FA21982BDA566B009DD86F /* SceneDelegate.swift */,
				18FA219F2BDA5673009DD86F /* Assets.xcassets */,
				18FA21A12BDA5673009DD86F /* LaunchScreen.storyboard */,
				18FA21A42BDA5673009DD86F /* Info.plist */,
			);
			path = "pokemon-wiki";
			sourceTree = "<group>";
		};
		18FA21AC2BDA5673009DD86F /* pokemon-wikiTests */ = {
			isa = PBXGroup;
			children = (
				18FA21AD2BDA5673009DD86F /* pokemon_wikiTests.swift */,
			);
			path = "pokemon-wikiTests";
			sourceTree = "<group>";
		};
		18FA21B62BDA5673009DD86F /* pokemon-wikiUITests */ = {
			isa = PBXGroup;
			children = (
				18FA21B72BDA5673009DD86F /* pokemon_wikiUITests.swift */,
				18FA21B92BDA5673009DD86F /* pokemon_wikiUITestsLaunchTests.swift */,
			);
			path = "pokemon-wikiUITests";
			sourceTree = "<group>";
		};
		18FA21C62BDA5875009DD86F /* Scene */ = {
			isa = PBXGroup;
			children = (
				189B94382BDE13D200E835AC /* Detail */,
				18FA21C82BDA58C6009DD86F /* Home */,
			);
			path = Scene;
			sourceTree = "<group>";
		};
		18FA21C72BDA5880009DD86F /* Common */ = {
			isa = PBXGroup;
			children = (
				189B943E2BDE169F00E835AC /* Constant */,
				18A362C72BDD3B4900A9A9F8 /* Component */,
				18A362C62BDD3B3900A9A9F8 /* Network */,
			);
			path = Common;
			sourceTree = "<group>";
		};
		18FA21C82BDA58C6009DD86F /* Home */ = {
			isa = PBXGroup;
			children = (
				18FA219A2BDA566B009DD86F /* HomeViewController.swift */,
				18FA219C2BDA566B009DD86F /* HomeViewController.storyboard */,
				18FA21C92BDA595C009DD86F /* HomeInteractor.swift */,
				18FA21CB2BDA5964009DD86F /* HomePresenter.swift */,
				18FA21CD2BDA596F009DD86F /* HomeModel.swift */,
				18FA21CF2BDA5978009DD86F /* HomeRouter.swift */,
				18FA21D12BDA5981009DD86F /* HomeWorker.swift */,
			);
			path = Home;
			sourceTree = "<group>";
		};
		18FA21D52BDA68A9009DD86F /* Pokemon */ = {
			isa = PBXGroup;
			children = (
				18FA21D62BDA68BD009DD86F /* PokemonCell.xib */,
				18FA21D82BDA6A95009DD86F /* PokemonCell.swift */,
			);
			path = Pokemon;
			sourceTree = "<group>";
		};
		18FA21DA2BDA6E47009DD86F /* Model */ = {
			isa = PBXGroup;
			children = (
				182C6A212BDC062300D7041F /* PokemonResponse.swift */,
				18A362D02BDD45C400A9A9F8 /* PokemonDetailResponse.swift */,
			);
			path = Model;
			sourceTree = "<group>";
		};
		46F1C2AA30D451FC5E2339E9 /* Pods */ = {
			isa = PBXGroup;
			children = (
				9675E60DB44F0B8F3AC11BEE /* Pods-pokemon-wiki.debug.xcconfig */,
				EF39C98E2F176F1BEF4B6C8F /* Pods-pokemon-wiki.release.xcconfig */,
				708683303CCA615E84DFFCCE /* Pods-pokemon-wiki-pokemon-wikiUITests.debug.xcconfig */,
				9E703D27FEA373380FADA971 /* Pods-pokemon-wiki-pokemon-wikiUITests.release.xcconfig */,
				4E5D997A774C06A1B35E1D05 /* Pods-pokemon-wikiTests.debug.xcconfig */,
				B7D8C4A825A64476794CF04F /* Pods-pokemon-wikiTests.release.xcconfig */,
			);
			path = Pods;
			sourceTree = "<group>";
		};
		CD54E8939A7CF5896C588B66 /* Frameworks */ = {
			isa = PBXGroup;
			children = (
				9606915D3D2F4E331AAEDB15 /* Pods_pokemon_wiki.framework */,
				9B85DD77F62964F7E8BC6CE3 /* Pods_pokemon_wiki_pokemon_wikiUITests.framework */,
				2EB0DA46ECB6BE45C73865BD /* Pods_pokemon_wikiTests.framework */,
			);
			name = Frameworks;
			sourceTree = "<group>";
		};
/* End PBXGroup section */

/* Begin PBXNativeTarget section */
		18FA21922BDA566B009DD86F /* pokemon-wiki */ = {
			isa = PBXNativeTarget;
			buildConfigurationList = 18FA21BD2BDA5673009DD86F /* Build configuration list for PBXNativeTarget "pokemon-wiki" */;
			buildPhases = (
				64169B1D77572C38EFEE6DFC /* [CP] Check Pods Manifest.lock */,
				18FA218F2BDA566B009DD86F /* Sources */,
				18FA21902BDA566B009DD86F /* Frameworks */,
				18FA21912BDA566B009DD86F /* Resources */,
				4C0FC43524ADAE2DCD940275 /* [CP] Embed Pods Frameworks */,
			);
			buildRules = (
			);
			dependencies = (
			);
			name = "pokemon-wiki";
			productName = "pokemon-wiki";
			productReference = 18FA21932BDA566B009DD86F /* pokemon-wiki.app */;
			productType = "com.apple.product-type.application";
		};
		18FA21A82BDA5673009DD86F /* pokemon-wikiTests */ = {
			isa = PBXNativeTarget;
			buildConfigurationList = 18FA21C02BDA5673009DD86F /* Build configuration list for PBXNativeTarget "pokemon-wikiTests" */;
			buildPhases = (
				DE45DA761E640286B4AE07B9 /* [CP] Check Pods Manifest.lock */,
				18FA21A52BDA5673009DD86F /* Sources */,
				18FA21A62BDA5673009DD86F /* Frameworks */,
				18FA21A72BDA5673009DD86F /* Resources */,
			);
			buildRules = (
			);
			dependencies = (
				18FA21AB2BDA5673009DD86F /* PBXTargetDependency */,
			);
			name = "pokemon-wikiTests";
			productName = "pokemon-wikiTests";
			productReference = 18FA21A92BDA5673009DD86F /* pokemon-wikiTests.xctest */;
			productType = "com.apple.product-type.bundle.unit-test";
		};
		18FA21B22BDA5673009DD86F /* pokemon-wikiUITests */ = {
			isa = PBXNativeTarget;
			buildConfigurationList = 18FA21C32BDA5673009DD86F /* Build configuration list for PBXNativeTarget "pokemon-wikiUITests" */;
			buildPhases = (
				DD174D89F24ADB68378BEE0A /* [CP] Check Pods Manifest.lock */,
				18FA21AF2BDA5673009DD86F /* Sources */,
				18FA21B02BDA5673009DD86F /* Frameworks */,
				18FA21B12BDA5673009DD86F /* Resources */,
				7F393145201F3F3E3FA3CC5A /* [CP] Embed Pods Frameworks */,
			);
			buildRules = (
			);
			dependencies = (
				18FA21B52BDA5673009DD86F /* PBXTargetDependency */,
			);
			name = "pokemon-wikiUITests";
			productName = "pokemon-wikiUITests";
			productReference = 18FA21B32BDA5673009DD86F /* pokemon-wikiUITests.xctest */;
			productType = "com.apple.product-type.bundle.ui-testing";
		};
/* End PBXNativeTarget section */

/* Begin PBXProject section */
		18FA218B2BDA566B009DD86F /* Project object */ = {
			isa = PBXProject;
			attributes = {
				BuildIndependentTargetsInParallel = 1;
				LastSwiftUpdateCheck = 1510;
				LastUpgradeCheck = 1510;
				TargetAttributes = {
					18FA21922BDA566B009DD86F = {
						CreatedOnToolsVersion = 15.1;
					};
					18FA21A82BDA5673009DD86F = {
						CreatedOnToolsVersion = 15.1;
						TestTargetID = 18FA21922BDA566B009DD86F;
					};
					18FA21B22BDA5673009DD86F = {
						CreatedOnToolsVersion = 15.1;
						TestTargetID = 18FA21922BDA566B009DD86F;
					};
				};
			};
			buildConfigurationList = 18FA218E2BDA566B009DD86F /* Build configuration list for PBXProject "pokemon-wiki" */;
			compatibilityVersion = "Xcode 14.0";
			developmentRegion = en;
			hasScannedForEncodings = 0;
			knownRegions = (
				en,
				Base,
			);
			mainGroup = 18FA218A2BDA566B009DD86F;
			productRefGroup = 18FA21942BDA566B009DD86F /* Products */;
			projectDirPath = "";
			projectRoot = "";
			targets = (
				18FA21922BDA566B009DD86F /* pokemon-wiki */,
				18FA21A82BDA5673009DD86F /* pokemon-wikiTests */,
				18FA21B22BDA5673009DD86F /* pokemon-wikiUITests */,
			);
		};
/* End PBXProject section */

/* Begin PBXResourcesBuildPhase section */
		18FA21912BDA566B009DD86F /* Resources */ = {
			isa = PBXResourcesBuildPhase;
			buildActionMask = 2147483647;
			files = (
				18FA21A32BDA5673009DD86F /* LaunchScreen.storyboard in Resources */,
				18A362CC2BDD3C5300A9A9F8 /* PokeballLoading.xib in Resources */,
				18A362CF2BDD3DEC00A9A9F8 /* pokeballLoading.json in Resources */,
				18FA21D72BDA68BD009DD86F /* PokemonCell.xib in Resources */,
				189B943B2BDE14A600E835AC /* TypeCell.xib in Resources */,
				18FA21A02BDA5673009DD86F /* Assets.xcassets in Resources */,
				18FA219E2BDA566B009DD86F /* HomeViewController.storyboard in Resources */,
			);
			runOnlyForDeploymentPostprocessing = 0;
		};
		18FA21A72BDA5673009DD86F /* Resources */ = {
			isa = PBXResourcesBuildPhase;
			buildActionMask = 2147483647;
			files = (
			);
			runOnlyForDeploymentPostprocessing = 0;
		};
		18FA21B12BDA5673009DD86F /* Resources */ = {
			isa = PBXResourcesBuildPhase;
			buildActionMask = 2147483647;
			files = (
			);
			runOnlyForDeploymentPostprocessing = 0;
		};
/* End PBXResourcesBuildPhase section */

/* Begin PBXShellScriptBuildPhase section */
		4C0FC43524ADAE2DCD940275 /* [CP] Embed Pods Frameworks */ = {
			isa = PBXShellScriptBuildPhase;
			buildActionMask = 2147483647;
			files = (
			);
			inputFileListPaths = (
				"${PODS_ROOT}/Target Support Files/Pods-pokemon-wiki/Pods-pokemon-wiki-frameworks-${CONFIGURATION}-input-files.xcfilelist",
			);
			name = "[CP] Embed Pods Frameworks";
			outputFileListPaths = (
				"${PODS_ROOT}/Target Support Files/Pods-pokemon-wiki/Pods-pokemon-wiki-frameworks-${CONFIGURATION}-output-files.xcfilelist",
			);
			runOnlyForDeploymentPostprocessing = 0;
			shellPath = /bin/sh;
			shellScript = "\"${PODS_ROOT}/Target Support Files/Pods-pokemon-wiki/Pods-pokemon-wiki-frameworks.sh\"\n";
			showEnvVarsInLog = 0;
		};
		64169B1D77572C38EFEE6DFC /* [CP] Check Pods Manifest.lock */ = {
			isa = PBXShellScriptBuildPhase;
			buildActionMask = 2147483647;
			files = (
			);
			inputFileListPaths = (
			);
			inputPaths = (
				"${PODS_PODFILE_DIR_PATH}/Podfile.lock",
				"${PODS_ROOT}/Manifest.lock",
			);
			name = "[CP] Check Pods Manifest.lock";
			outputFileListPaths = (
			);
			outputPaths = (
				"$(DERIVED_FILE_DIR)/Pods-pokemon-wiki-checkManifestLockResult.txt",
			);
			runOnlyForDeploymentPostprocessing = 0;
			shellPath = /bin/sh;
			shellScript = "diff \"${PODS_PODFILE_DIR_PATH}/Podfile.lock\" \"${PODS_ROOT}/Manifest.lock\" > /dev/null\nif [ $? != 0 ] ; then\n    # print error to STDERR\n    echo \"error: The sandbox is not in sync with the Podfile.lock. Run 'pod install' or update your CocoaPods installation.\" >&2\n    exit 1\nfi\n# This output is used by Xcode 'outputs' to avoid re-running this script phase.\necho \"SUCCESS\" > \"${SCRIPT_OUTPUT_FILE_0}\"\n";
			showEnvVarsInLog = 0;
		};
		7F393145201F3F3E3FA3CC5A /* [CP] Embed Pods Frameworks */ = {
			isa = PBXShellScriptBuildPhase;
			buildActionMask = 2147483647;
			files = (
			);
			inputFileListPaths = (
				"${PODS_ROOT}/Target Support Files/Pods-pokemon-wiki-pokemon-wikiUITests/Pods-pokemon-wiki-pokemon-wikiUITests-frameworks-${CONFIGURATION}-input-files.xcfilelist",
			);
			name = "[CP] Embed Pods Frameworks";
			outputFileListPaths = (
				"${PODS_ROOT}/Target Support Files/Pods-pokemon-wiki-pokemon-wikiUITests/Pods-pokemon-wiki-pokemon-wikiUITests-frameworks-${CONFIGURATION}-output-files.xcfilelist",
			);
			runOnlyForDeploymentPostprocessing = 0;
			shellPath = /bin/sh;
			shellScript = "\"${PODS_ROOT}/Target Support Files/Pods-pokemon-wiki-pokemon-wikiUITests/Pods-pokemon-wiki-pokemon-wikiUITests-frameworks.sh\"\n";
			showEnvVarsInLog = 0;
		};
		DD174D89F24ADB68378BEE0A /* [CP] Check Pods Manifest.lock */ = {
			isa = PBXShellScriptBuildPhase;
			buildActionMask = 2147483647;
			files = (
			);
			inputFileListPaths = (
			);
			inputPaths = (
				"${PODS_PODFILE_DIR_PATH}/Podfile.lock",
				"${PODS_ROOT}/Manifest.lock",
			);
			name = "[CP] Check Pods Manifest.lock";
			outputFileListPaths = (
			);
			outputPaths = (
				"$(DERIVED_FILE_DIR)/Pods-pokemon-wiki-pokemon-wikiUITests-checkManifestLockResult.txt",
			);
			runOnlyForDeploymentPostprocessing = 0;
			shellPath = /bin/sh;
			shellScript = "diff \"${PODS_PODFILE_DIR_PATH}/Podfile.lock\" \"${PODS_ROOT}/Manifest.lock\" > /dev/null\nif [ $? != 0 ] ; then\n    # print error to STDERR\n    echo \"error: The sandbox is not in sync with the Podfile.lock. Run 'pod install' or update your CocoaPods installation.\" >&2\n    exit 1\nfi\n# This output is used by Xcode 'outputs' to avoid re-running this script phase.\necho \"SUCCESS\" > \"${SCRIPT_OUTPUT_FILE_0}\"\n";
			showEnvVarsInLog = 0;
		};
		DE45DA761E640286B4AE07B9 /* [CP] Check Pods Manifest.lock */ = {
			isa = PBXShellScriptBuildPhase;
			buildActionMask = 2147483647;
			files = (
			);
			inputFileListPaths = (
			);
			inputPaths = (
				"${PODS_PODFILE_DIR_PATH}/Podfile.lock",
				"${PODS_ROOT}/Manifest.lock",
			);
			name = "[CP] Check Pods Manifest.lock";
			outputFileListPaths = (
			);
			outputPaths = (
				"$(DERIVED_FILE_DIR)/Pods-pokemon-wikiTests-checkManifestLockResult.txt",
			);
			runOnlyForDeploymentPostprocessing = 0;
			shellPath = /bin/sh;
			shellScript = "diff \"${PODS_PODFILE_DIR_PATH}/Podfile.lock\" \"${PODS_ROOT}/Manifest.lock\" > /dev/null\nif [ $? != 0 ] ; then\n    # print error to STDERR\n    echo \"error: The sandbox is not in sync with the Podfile.lock. Run 'pod install' or update your CocoaPods installation.\" >&2\n    exit 1\nfi\n# This output is used by Xcode 'outputs' to avoid re-running this script phase.\necho \"SUCCESS\" > \"${SCRIPT_OUTPUT_FILE_0}\"\n";
			showEnvVarsInLog = 0;
		};
/* End PBXShellScriptBuildPhase section */

/* Begin PBXSourcesBuildPhase section */
		18FA218F2BDA566B009DD86F /* Sources */ = {
			isa = PBXSourcesBuildPhase;
			buildActionMask = 2147483647;
			files = (
				18FA219B2BDA566B009DD86F /* HomeViewController.swift in Sources */,
				18A362D12BDD45C400A9A9F8 /* PokemonDetailResponse.swift in Sources */,
				18FA21972BDA566B009DD86F /* AppDelegate.swift in Sources */,
				18FA21D02BDA5978009DD86F /* HomeRouter.swift in Sources */,
				18FA21CE2BDA596F009DD86F /* HomeModel.swift in Sources */,
				18FA21992BDA566B009DD86F /* SceneDelegate.swift in Sources */,
				18A362C52BDD3AFE00A9A9F8 /* BaseViewController.swift in Sources */,
				18FA21CC2BDA5964009DD86F /* HomePresenter.swift in Sources */,
				18FA21D22BDA5981009DD86F /* HomeWorker.swift in Sources */,
				182C6A242BDC08FB00D7041F /* ResponseError.swift in Sources */,
				182C6A1E2BDC034900D7041F /* Rest.swift in Sources */,
				18A362C92BDD3B7B00A9A9F8 /* PokeballLoading.swift in Sources */,
				189B943D2BDE164400E835AC /* TypeCell.swift in Sources */,
				182C6A222BDC062300D7041F /* PokemonResponse.swift in Sources */,
				18FA21CA2BDA595C009DD86F /* HomeInteractor.swift in Sources */,
				189B94402BDE16AC00E835AC /* PokemonType.swift in Sources */,
				18FA21D92BDA6A95009DD86F /* PokemonCell.swift in Sources */,
				182C6A202BDC05B100D7041F /* EndPointConstant.swift in Sources */,
			);
			runOnlyForDeploymentPostprocessing = 0;
		};
		18FA21A52BDA5673009DD86F /* Sources */ = {
			isa = PBXSourcesBuildPhase;
			buildActionMask = 2147483647;
			files = (
				18FA21AE2BDA5673009DD86F /* pokemon_wikiTests.swift in Sources */,
			);
			runOnlyForDeploymentPostprocessing = 0;
		};
		18FA21AF2BDA5673009DD86F /* Sources */ = {
			isa = PBXSourcesBuildPhase;
			buildActionMask = 2147483647;
			files = (
				18FA21BA2BDA5673009DD86F /* pokemon_wikiUITestsLaunchTests.swift in Sources */,
				18FA21B82BDA5673009DD86F /* pokemon_wikiUITests.swift in Sources */,
			);
			runOnlyForDeploymentPostprocessing = 0;
		};
/* End PBXSourcesBuildPhase section */

/* Begin PBXTargetDependency section */
		18FA21AB2BDA5673009DD86F /* PBXTargetDependency */ = {
			isa = PBXTargetDependency;
			target = 18FA21922BDA566B009DD86F /* pokemon-wiki */;
			targetProxy = 18FA21AA2BDA5673009DD86F /* PBXContainerItemProxy */;
		};
		18FA21B52BDA5673009DD86F /* PBXTargetDependency */ = {
			isa = PBXTargetDependency;
			target = 18FA21922BDA566B009DD86F /* pokemon-wiki */;
			targetProxy = 18FA21B42BDA5673009DD86F /* PBXContainerItemProxy */;
		};
/* End PBXTargetDependency section */

/* Begin PBXVariantGroup section */
		18FA219C2BDA566B009DD86F /* HomeViewController.storyboard */ = {
			isa = PBXVariantGroup;
			children = (
				18FA219D2BDA566B009DD86F /* Base */,
			);
			name = HomeViewController.storyboard;
			sourceTree = "<group>";
		};
		18FA21A12BDA5673009DD86F /* LaunchScreen.storyboard */ = {
			isa = PBXVariantGroup;
			children = (
				18FA21A22BDA5673009DD86F /* Base */,
			);
			name = LaunchScreen.storyboard;
			sourceTree = "<group>";
		};
/* End PBXVariantGroup section */

/* Begin XCBuildConfiguration section */
		18FA21BB2BDA5673009DD86F /* Debug */ = {
			isa = XCBuildConfiguration;
			buildSettings = {
				ALWAYS_SEARCH_USER_PATHS = NO;
				ASSETCATALOG_COMPILER_GENERATE_SWIFT_ASSET_SYMBOL_EXTENSIONS = YES;
				CLANG_ANALYZER_NONNULL = YES;
				CLANG_ANALYZER_NUMBER_OBJECT_CONVERSION = YES_AGGRESSIVE;
				CLANG_CXX_LANGUAGE_STANDARD = "gnu++20";
				CLANG_ENABLE_MODULES = YES;
				CLANG_ENABLE_OBJC_ARC = YES;
				CLANG_ENABLE_OBJC_WEAK = YES;
				CLANG_WARN_BLOCK_CAPTURE_AUTORELEASING = YES;
				CLANG_WARN_BOOL_CONVERSION = YES;
				CLANG_WARN_COMMA = YES;
				CLANG_WARN_CONSTANT_CONVERSION = YES;
				CLANG_WARN_DEPRECATED_OBJC_IMPLEMENTATIONS = YES;
				CLANG_WARN_DIRECT_OBJC_ISA_USAGE = YES_ERROR;
				CLANG_WARN_DOCUMENTATION_COMMENTS = YES;
				CLANG_WARN_EMPTY_BODY = YES;
				CLANG_WARN_ENUM_CONVERSION = YES;
				CLANG_WARN_INFINITE_RECURSION = YES;
				CLANG_WARN_INT_CONVERSION = YES;
				CLANG_WARN_NON_LITERAL_NULL_CONVERSION = YES;
				CLANG_WARN_OBJC_IMPLICIT_RETAIN_SELF = YES;
				CLANG_WARN_OBJC_LITERAL_CONVERSION = YES;
				CLANG_WARN_OBJC_ROOT_CLASS = YES_ERROR;
				CLANG_WARN_QUOTED_INCLUDE_IN_FRAMEWORK_HEADER = YES;
				CLANG_WARN_RANGE_LOOP_ANALYSIS = YES;
				CLANG_WARN_STRICT_PROTOTYPES = YES;
				CLANG_WARN_SUSPICIOUS_MOVE = YES;
				CLANG_WARN_UNGUARDED_AVAILABILITY = YES_AGGRESSIVE;
				CLANG_WARN_UNREACHABLE_CODE = YES;
				CLANG_WARN__DUPLICATE_METHOD_MATCH = YES;
				COPY_PHASE_STRIP = NO;
				DEBUG_INFORMATION_FORMAT = dwarf;
				ENABLE_STRICT_OBJC_MSGSEND = YES;
				ENABLE_TESTABILITY = YES;
				ENABLE_USER_SCRIPT_SANDBOXING = YES;
				GCC_C_LANGUAGE_STANDARD = gnu17;
				GCC_DYNAMIC_NO_PIC = NO;
				GCC_NO_COMMON_BLOCKS = YES;
				GCC_OPTIMIZATION_LEVEL = 0;
				GCC_PREPROCESSOR_DEFINITIONS = (
					"DEBUG=1",
					"$(inherited)",
				);
				GCC_WARN_64_TO_32_BIT_CONVERSION = YES;
				GCC_WARN_ABOUT_RETURN_TYPE = YES_ERROR;
				GCC_WARN_UNDECLARED_SELECTOR = YES;
				GCC_WARN_UNINITIALIZED_AUTOS = YES_AGGRESSIVE;
				GCC_WARN_UNUSED_FUNCTION = YES;
				GCC_WARN_UNUSED_VARIABLE = YES;
				IPHONEOS_DEPLOYMENT_TARGET = 17.2;
				LOCALIZATION_PREFERS_STRING_CATALOGS = YES;
				MTL_ENABLE_DEBUG_INFO = INCLUDE_SOURCE;
				MTL_FAST_MATH = YES;
				ONLY_ACTIVE_ARCH = YES;
				SDKROOT = iphoneos;
				SWIFT_ACTIVE_COMPILATION_CONDITIONS = "DEBUG $(inherited)";
				SWIFT_OPTIMIZATION_LEVEL = "-Onone";
			};
			name = Debug;
		};
		18FA21BC2BDA5673009DD86F /* Release */ = {
			isa = XCBuildConfiguration;
			buildSettings = {
				ALWAYS_SEARCH_USER_PATHS = NO;
				ASSETCATALOG_COMPILER_GENERATE_SWIFT_ASSET_SYMBOL_EXTENSIONS = YES;
				CLANG_ANALYZER_NONNULL = YES;
				CLANG_ANALYZER_NUMBER_OBJECT_CONVERSION = YES_AGGRESSIVE;
				CLANG_CXX_LANGUAGE_STANDARD = "gnu++20";
				CLANG_ENABLE_MODULES = YES;
				CLANG_ENABLE_OBJC_ARC = YES;
				CLANG_ENABLE_OBJC_WEAK = YES;
				CLANG_WARN_BLOCK_CAPTURE_AUTORELEASING = YES;
				CLANG_WARN_BOOL_CONVERSION = YES;
				CLANG_WARN_COMMA = YES;
				CLANG_WARN_CONSTANT_CONVERSION = YES;
				CLANG_WARN_DEPRECATED_OBJC_IMPLEMENTATIONS = YES;
				CLANG_WARN_DIRECT_OBJC_ISA_USAGE = YES_ERROR;
				CLANG_WARN_DOCUMENTATION_COMMENTS = YES;
				CLANG_WARN_EMPTY_BODY = YES;
				CLANG_WARN_ENUM_CONVERSION = YES;
				CLANG_WARN_INFINITE_RECURSION = YES;
				CLANG_WARN_INT_CONVERSION = YES;
				CLANG_WARN_NON_LITERAL_NULL_CONVERSION = YES;
				CLANG_WARN_OBJC_IMPLICIT_RETAIN_SELF = YES;
				CLANG_WARN_OBJC_LITERAL_CONVERSION = YES;
				CLANG_WARN_OBJC_ROOT_CLASS = YES_ERROR;
				CLANG_WARN_QUOTED_INCLUDE_IN_FRAMEWORK_HEADER = YES;
				CLANG_WARN_RANGE_LOOP_ANALYSIS = YES;
				CLANG_WARN_STRICT_PROTOTYPES = YES;
				CLANG_WARN_SUSPICIOUS_MOVE = YES;
				CLANG_WARN_UNGUARDED_AVAILABILITY = YES_AGGRESSIVE;
				CLANG_WARN_UNREACHABLE_CODE = YES;
				CLANG_WARN__DUPLICATE_METHOD_MATCH = YES;
				COPY_PHASE_STRIP = NO;
				DEBUG_INFORMATION_FORMAT = "dwarf-with-dsym";
				ENABLE_NS_ASSERTIONS = NO;
				ENABLE_STRICT_OBJC_MSGSEND = YES;
				ENABLE_USER_SCRIPT_SANDBOXING = YES;
				GCC_C_LANGUAGE_STANDARD = gnu17;
				GCC_NO_COMMON_BLOCKS = YES;
				GCC_WARN_64_TO_32_BIT_CONVERSION = YES;
				GCC_WARN_ABOUT_RETURN_TYPE = YES_ERROR;
				GCC_WARN_UNDECLARED_SELECTOR = YES;
				GCC_WARN_UNINITIALIZED_AUTOS = YES_AGGRESSIVE;
				GCC_WARN_UNUSED_FUNCTION = YES;
				GCC_WARN_UNUSED_VARIABLE = YES;
				IPHONEOS_DEPLOYMENT_TARGET = 17.2;
				LOCALIZATION_PREFERS_STRING_CATALOGS = YES;
				MTL_ENABLE_DEBUG_INFO = NO;
				MTL_FAST_MATH = YES;
				SDKROOT = iphoneos;
				SWIFT_COMPILATION_MODE = wholemodule;
				VALIDATE_PRODUCT = YES;
			};
			name = Release;
		};
		18FA21BE2BDA5673009DD86F /* Debug */ = {
			isa = XCBuildConfiguration;
			baseConfigurationReference = 9675E60DB44F0B8F3AC11BEE /* Pods-pokemon-wiki.debug.xcconfig */;
			buildSettings = {
				ASSETCATALOG_COMPILER_APPICON_NAME = AppIcon;
				ASSETCATALOG_COMPILER_GLOBAL_ACCENT_COLOR_NAME = AccentColor;
				CODE_SIGN_STYLE = Automatic;
				CURRENT_PROJECT_VERSION = 1;
				DEVELOPMENT_TEAM = 3D465Z2MU3;
				ENABLE_USER_SCRIPT_SANDBOXING = NO;
				GENERATE_INFOPLIST_FILE = YES;
				INFOPLIST_FILE = "pokemon-wiki/Info.plist";
				INFOPLIST_KEY_UIApplicationSupportsIndirectInputEvents = YES;
				INFOPLIST_KEY_UILaunchStoryboardName = LaunchScreen;
				INFOPLIST_KEY_UIMainStoryboardFile = HomeViewController;
				INFOPLIST_KEY_UISupportedInterfaceOrientations_iPad = "UIInterfaceOrientationPortrait UIInterfaceOrientationPortraitUpsideDown UIInterfaceOrientationLandscapeLeft UIInterfaceOrientationLandscapeRight";
				INFOPLIST_KEY_UISupportedInterfaceOrientations_iPhone = "UIInterfaceOrientationPortrait UIInterfaceOrientationLandscapeLeft UIInterfaceOrientationLandscapeRight";
				LD_RUNPATH_SEARCH_PATHS = (
					"$(inherited)",
					"@executable_path/Frameworks",
				);
				MARKETING_VERSION = 1.0;
				PRODUCT_BUNDLE_IDENTIFIER = "com.supanat.pokemon-wiki";
				PRODUCT_NAME = "$(TARGET_NAME)";
				SWIFT_EMIT_LOC_STRINGS = YES;
				SWIFT_VERSION = 5.0;
				TARGETED_DEVICE_FAMILY = "1,2";
			};
			name = Debug;
		};
		18FA21BF2BDA5673009DD86F /* Release */ = {
			isa = XCBuildConfiguration;
			baseConfigurationReference = EF39C98E2F176F1BEF4B6C8F /* Pods-pokemon-wiki.release.xcconfig */;
			buildSettings = {
				ASSETCATALOG_COMPILER_APPICON_NAME = AppIcon;
				ASSETCATALOG_COMPILER_GLOBAL_ACCENT_COLOR_NAME = AccentColor;
				CODE_SIGN_STYLE = Automatic;
				CURRENT_PROJECT_VERSION = 1;
				DEVELOPMENT_TEAM = 3D465Z2MU3;
				ENABLE_USER_SCRIPT_SANDBOXING = NO;
				GENERATE_INFOPLIST_FILE = YES;
				INFOPLIST_FILE = "pokemon-wiki/Info.plist";
				INFOPLIST_KEY_UIApplicationSupportsIndirectInputEvents = YES;
				INFOPLIST_KEY_UILaunchStoryboardName = LaunchScreen;
				INFOPLIST_KEY_UIMainStoryboardFile = HomeViewController;
				INFOPLIST_KEY_UISupportedInterfaceOrientations_iPad = "UIInterfaceOrientationPortrait UIInterfaceOrientationPortraitUpsideDown UIInterfaceOrientationLandscapeLeft UIInterfaceOrientationLandscapeRight";
				INFOPLIST_KEY_UISupportedInterfaceOrientations_iPhone = "UIInterfaceOrientationPortrait UIInterfaceOrientationLandscapeLeft UIInterfaceOrientationLandscapeRight";
				LD_RUNPATH_SEARCH_PATHS = (
					"$(inherited)",
					"@executable_path/Frameworks",
				);
				MARKETING_VERSION = 1.0;
				PRODUCT_BUNDLE_IDENTIFIER = "com.supanat.pokemon-wiki";
				PRODUCT_NAME = "$(TARGET_NAME)";
				SWIFT_EMIT_LOC_STRINGS = YES;
				SWIFT_VERSION = 5.0;
				TARGETED_DEVICE_FAMILY = "1,2";
			};
			name = Release;
		};
		18FA21C12BDA5673009DD86F /* Debug */ = {
			isa = XCBuildConfiguration;
			baseConfigurationReference = 4E5D997A774C06A1B35E1D05 /* Pods-pokemon-wikiTests.debug.xcconfig */;
			buildSettings = {
				ALWAYS_EMBED_SWIFT_STANDARD_LIBRARIES = YES;
				BUNDLE_LOADER = "$(TEST_HOST)";
				CODE_SIGN_STYLE = Automatic;
				CURRENT_PROJECT_VERSION = 1;
				DEVELOPMENT_TEAM = 3D465Z2MU3;
				GENERATE_INFOPLIST_FILE = YES;
				IPHONEOS_DEPLOYMENT_TARGET = 17.2;
				MARKETING_VERSION = 1.0;
				PRODUCT_BUNDLE_IDENTIFIER = "com.supanat.pokemon-wikiTests";
				PRODUCT_NAME = "$(TARGET_NAME)";
				SWIFT_EMIT_LOC_STRINGS = NO;
				SWIFT_VERSION = 5.0;
				TARGETED_DEVICE_FAMILY = "1,2";
				TEST_HOST = "$(BUILT_PRODUCTS_DIR)/pokemon-wiki.app/$(BUNDLE_EXECUTABLE_FOLDER_PATH)/pokemon-wiki";
			};
			name = Debug;
		};
		18FA21C22BDA5673009DD86F /* Release */ = {
			isa = XCBuildConfiguration;
			baseConfigurationReference = B7D8C4A825A64476794CF04F /* Pods-pokemon-wikiTests.release.xcconfig */;
			buildSettings = {
				ALWAYS_EMBED_SWIFT_STANDARD_LIBRARIES = YES;
				BUNDLE_LOADER = "$(TEST_HOST)";
				CODE_SIGN_STYLE = Automatic;
				CURRENT_PROJECT_VERSION = 1;
				DEVELOPMENT_TEAM = 3D465Z2MU3;
				GENERATE_INFOPLIST_FILE = YES;
				IPHONEOS_DEPLOYMENT_TARGET = 17.2;
				MARKETING_VERSION = 1.0;
				PRODUCT_BUNDLE_IDENTIFIER = "com.supanat.pokemon-wikiTests";
				PRODUCT_NAME = "$(TARGET_NAME)";
				SWIFT_EMIT_LOC_STRINGS = NO;
				SWIFT_VERSION = 5.0;
				TARGETED_DEVICE_FAMILY = "1,2";
				TEST_HOST = "$(BUILT_PRODUCTS_DIR)/pokemon-wiki.app/$(BUNDLE_EXECUTABLE_FOLDER_PATH)/pokemon-wiki";
			};
			name = Release;
		};
		18FA21C42BDA5673009DD86F /* Debug */ = {
			isa = XCBuildConfiguration;
			baseConfigurationReference = 708683303CCA615E84DFFCCE /* Pods-pokemon-wiki-pokemon-wikiUITests.debug.xcconfig */;
			buildSettings = {
				ALWAYS_EMBED_SWIFT_STANDARD_LIBRARIES = YES;
				CODE_SIGN_STYLE = Automatic;
				CURRENT_PROJECT_VERSION = 1;
				DEVELOPMENT_TEAM = 3D465Z2MU3;
				GENERATE_INFOPLIST_FILE = YES;
				MARKETING_VERSION = 1.0;
				PRODUCT_BUNDLE_IDENTIFIER = "com.supanat.pokemon-wikiUITests";
				PRODUCT_NAME = "$(TARGET_NAME)";
				SWIFT_EMIT_LOC_STRINGS = NO;
				SWIFT_VERSION = 5.0;
				TARGETED_DEVICE_FAMILY = "1,2";
				TEST_TARGET_NAME = "pokemon-wiki";
			};
			name = Debug;
		};
		18FA21C52BDA5673009DD86F /* Release */ = {
			isa = XCBuildConfiguration;
			baseConfigurationReference = 9E703D27FEA373380FADA971 /* Pods-pokemon-wiki-pokemon-wikiUITests.release.xcconfig */;
			buildSettings = {
				ALWAYS_EMBED_SWIFT_STANDARD_LIBRARIES = YES;
				CODE_SIGN_STYLE = Automatic;
				CURRENT_PROJECT_VERSION = 1;
				DEVELOPMENT_TEAM = 3D465Z2MU3;
				GENERATE_INFOPLIST_FILE = YES;
				MARKETING_VERSION = 1.0;
				PRODUCT_BUNDLE_IDENTIFIER = "com.supanat.pokemon-wikiUITests";
				PRODUCT_NAME = "$(TARGET_NAME)";
				SWIFT_EMIT_LOC_STRINGS = NO;
				SWIFT_VERSION = 5.0;
				TARGETED_DEVICE_FAMILY = "1,2";
				TEST_TARGET_NAME = "pokemon-wiki";
			};
			name = Release;
		};
/* End XCBuildConfiguration section */

/* Begin XCConfigurationList section */
		18FA218E2BDA566B009DD86F /* Build configuration list for PBXProject "pokemon-wiki" */ = {
			isa = XCConfigurationList;
			buildConfigurations = (
				18FA21BB2BDA5673009DD86F /* Debug */,
				18FA21BC2BDA5673009DD86F /* Release */,
			);
			defaultConfigurationIsVisible = 0;
			defaultConfigurationName = Release;
		};
		18FA21BD2BDA5673009DD86F /* Build configuration list for PBXNativeTarget "pokemon-wiki" */ = {
			isa = XCConfigurationList;
			buildConfigurations = (
				18FA21BE2BDA5673009DD86F /* Debug */,
				18FA21BF2BDA5673009DD86F /* Release */,
			);
			defaultConfigurationIsVisible = 0;
			defaultConfigurationName = Release;
		};
		18FA21C02BDA5673009DD86F /* Build configuration list for PBXNativeTarget "pokemon-wikiTests" */ = {
			isa = XCConfigurationList;
			buildConfigurations = (
				18FA21C12BDA5673009DD86F /* Debug */,
				18FA21C22BDA5673009DD86F /* Release */,
			);
			defaultConfigurationIsVisible = 0;
			defaultConfigurationName = Release;
		};
		18FA21C32BDA5673009DD86F /* Build configuration list for PBXNativeTarget "pokemon-wikiUITests" */ = {
			isa = XCConfigurationList;
			buildConfigurations = (
				18FA21C42BDA5673009DD86F /* Debug */,
				18FA21C52BDA5673009DD86F /* Release */,
			);
			defaultConfigurationIsVisible = 0;
			defaultConfigurationName = Release;
		};
/* End XCConfigurationList section */
	};
	rootObject = 18FA218B2BDA566B009DD86F /* Project object */;
}
